
Microsoft Visual Studio Solution File, Format Version 12.00
# Visual Studio Version 17
VisualStudioVersion = 17.14.37216.2 d17.14
MinimumVisualStudioVersion = 10.0.40219.1
Project("{FAE04EC0-301F-11D3-BF4B-00C04F79EFBC}") = "INDZ", "INDZ\INDZ.csproj", "{65A2D3FC-7B11-46EB-91A6-3398D9C17F16}"
EndProject
Global
	GlobalSection(SolutionConfigurationPlatforms) = preSolution
		Debug|Any CPU = Debug|Any CPU
		Release|Any CPU = Release|Any CPU
	EndGlobalSection
	GlobalSection(ProjectConfigurationPlatforms) = postSolution
		{65A2D3FC-7B11-46EB-91A6-3398D9C17F16}.Debug|Any CPU.ActiveCfg = Debug|Any CPU
		{65A2D3FC-7B11-46EB-91A6-3398D9C17F16}.Debug|Any CPU.Build.0 = Debug|Any CPU
		{65A2D3FC-7B11-46EB-91A6-3398D9C17F16}.Release|Any CPU.ActiveCfg = Release|Any CPU
		{65A2D3FC-7B11-46EB-91A6-3398D9C17F16}.Release|Any CPU.Build.0 = Release|Any CPU
	EndGlobalSection
	GlobalSection(SolutionProperties) = preSolution
		HideSolutionNode = FALSE
	EndGlobalSection
	GlobalSection(ExtensibilityGlobals) = postSolution
		SolutionGuid = {E6186664-2538-47CC-9FED-D00DD65D6992}
	EndGlobalSection
EndGlobal
